
Microsoft Visual Studio Solution File, Format Version 12.00
# Visual Studio Version 17
VisualStudioVersion = 17.11.35222.181
MinimumVisualStudioVersion = 10.0.40219.1
Project("{8BC9CEB8-8B4A-11D0-8D11-00A0C91BC942}") = "buoi1", "buoi1\buoi1.vcxproj", "{11064679-CD37-4BF8-A101-016F245E043D}"
EndProject
Project("{8BC9CEB8-8B4A-11D0-8D11-00A0C91BC942}") = "buoi2", "buoi2\buoi2.vcxproj", "{461C878C-D7BA-4E3E-9831-12785B613406}"
EndProject
Project("{8BC9CEB8-8B4A-11D0-8D11-00A0C91BC942}") = "buoi3", "buoi3\buoi3.vcxproj", "{2FC317A4-66C7-43B3-854D-28FA95BFB701}"
EndProject
Project("{8BC9CEB8-8B4A-11D0-8D11-00A0C91BC942}") = "buoi4", "buoi4\buoi4.vcxproj", "{4B5D49F9-7D7C-4F9A-AE53-524C888D8CFD}"
EndProject
Project("{8BC9CEB8-8B4A-11D0-8D11-00A0C91BC942}") = "buoi5", "buoi5\buoi5.vcxproj", "{14B00D23-0FD2-42AB-A741-BD8C95096E9B}"
EndProject
Project("{8BC9CEB8-8B4A-11D0-8D11-00A0C91BC942}") = "buoi6", "buoi6\buoi6.vcxproj", "{366A7775-1B66-40BE-9878-58F4EFC5AA8D}"
EndProject
Global
	GlobalSection(SolutionConfigurationPlatforms) = preSolution
		Debug|x64 = Debug|x64
		Debug|x86 = Debug|x86
		Release|x64 = Release|x64
		Release|x86 = Release|x86
	EndGlobalSection
	GlobalSection(ProjectConfigurationPlatforms) = postSolution
		{11064679-CD37-4BF8-A101-016F245E043D}.Debug|x64.ActiveCfg = Debug|x64
		{11064679-CD37-4BF8-A101-016F245E043D}.Debug|x64.Build.0 = Debug|x64
		{11064679-CD37-4BF8-A101-016F245E043D}.Debug|x86.ActiveCfg = Debug|Win32
		{11064679-CD37-4BF8-A101-016F245E043D}.Debug|x86.Build.0 = Debug|Win32
		{11064679-CD37-4BF8-A101-016F245E043D}.Release|x64.ActiveCfg = Release|x64
		{11064679-CD37-4BF8-A101-016F245E043D}.Release|x64.Build.0 = Release|x64
		{11064679-CD37-4BF8-A101-016F245E043D}.Release|x86.ActiveCfg = Release|Win32
		{11064679-CD37-4BF8-A101-016F245E043D}.Release|x86.Build.0 = Release|Win32
		{461C878C-D7BA-4E3E-9831-12785B613406}.Debug|x64.ActiveCfg = Debug|x64
		{461C878C-D7BA-4E3E-9831-12785B613406}.Debug|x64.Build.0 = Debug|x64
		{461C878C-D7BA-4E3E-9831-12785B613406}.Debug|x86.ActiveCfg = Debug|Win32
		{461C878C-D7BA-4E3E-9831-12785B613406}.Debug|x86.Build.0 = Debug|Win32
		{461C878C-D7BA-4E3E-9831-12785B613406}.Release|x64.ActiveCfg = Release|x64
		{461C878C-D7BA-4E3E-9831-12785B613406}.Release|x64.Build.0 = Release|x64
		{461C878C-D7BA-4E3E-9831-12785B613406}.Release|x86.ActiveCfg = Release|Win32
		{461C878C-D7BA-4E3E-9831-12785B613406}.Release|x86.Build.0 = Release|Win32
		{2FC317A4-66C7-43B3-854D-28FA95BFB701}.Debug|x64.ActiveCfg = Debug|x64
		{2FC317A4-66C7-43B3-854D-28FA95BFB701}.Debug|x64.Build.0 = Debug|x64
		{2FC317A4-66C7-43B3-854D-28FA95BFB701}.Debug|x86.ActiveCfg = Debug|Win32
		{2FC317A4-66C7-43B3-854D-28FA95BFB701}.Debug|x86.Build.0 = Debug|Win32
		{2FC317A4-66C7-43B3-854D-28FA95BFB701}.Release|x64.ActiveCfg = Release|x64
		{2FC317A4-66C7-43B3-854D-28FA95BFB701}.Release|x64.Build.0 = Release|x64
		{2FC317A4-66C7-43B3-854D-28FA95BFB701}.Release|x86.ActiveCfg = Release|Win32
		{2FC317A4-66C7-43B3-854D-28FA95BFB701}.Release|x86.Build.0 = Release|Win32
		{4B5D49F9-7D7C-4F9A-AE53-524C888D8CFD}.Debug|x64.ActiveCfg = Debug|x64
		{4B5D49F9-7D7C-4F9A-AE53-524C888D8CFD}.Debug|x64.Build.0 = Debug|x64
		{4B5D49F9-7D7C-4F9A-AE53-524C888D8CFD}.Debug|x86.ActiveCfg = Debug|Win32
		{4B5D49F9-7D7C-4F9A-AE53-524C888D8CFD}.Debug|x86.Build.0 = Debug|Win32
		{4B5D49F9-7D7C-4F9A-AE53-524C888D8CFD}.Release|x64.ActiveCfg = Release|x64
		{4B5D49F9-7D7C-4F9A-AE53-524C888D8CFD}.Release|x64.Build.0 = Release|x64
		{4B5D49F9-7D7C-4F9A-AE53-524C888D8CFD}.Release|x86.ActiveCfg = Release|Win32
		{4B5D49F9-7D7C-4F9A-AE53-524C888D8CFD}.Release|x86.Build.0 = Release|Win32
		{14B00D23-0FD2-42AB-A741-BD8C95096E9B}.Debug|x64.ActiveCfg = Debug|x64
		{14B00D23-0FD2-42AB-A741-BD8C95096E9B}.Debug|x64.Build.0 = Debug|x64
		{14B00D23-0FD2-42AB-A741-BD8C95096E9B}.Debug|x86.ActiveCfg = Debug|Win32
		{14B00D23-0FD2-42AB-A741-BD8C95096E9B}.Debug|x86.Build.0 = Debug|Win32
		{14B00D23-0FD2-42AB-A741-BD8C95096E9B}.Release|x64.ActiveCfg = Release|x64
		{14B00D23-0FD2-42AB-A741-BD8C95096E9B}.Release|x64.Build.0 = Release|x64
		{14B00D23-0FD2-42AB-A741-BD8C95096E9B}.Release|x86.ActiveCfg = Release|Win32
		{14B00D23-0FD2-42AB-A741-BD8C95096E9B}.Release|x86.Build.0 = Release|Win32
		{366A7775-1B66-40BE-9878-58F4EFC5AA8D}.Debug|x64.ActiveCfg = Debug|x64
		{366A7775-1B66-40BE-9878-58F4EFC5AA8D}.Debug|x64.Build.0 = Debug|x64
		{366A7775-1B66-40BE-9878-58F4EFC5AA8D}.Debug|x86.ActiveCfg = Debug|Win32
		{366A7775-1B66-40BE-9878-58F4EFC5AA8D}.Debug|x86.Build.0 = Debug|Win32
		{366A7775-1B66-40BE-9878-58F4EFC5AA8D}.Release|x64.ActiveCfg = Release|x64
		{366A7775-1B66-40BE-9878-58F4EFC5AA8D}.Release|x64.Build.0 = Release|x64
		{366A7775-1B66-40BE-9878-58F4EFC5AA8D}.Release|x86.ActiveCfg = Release|Win32
		{366A7775-1B66-40BE-9878-58F4EFC5AA8D}.Release|x86.Build.0 = Release|Win32
	EndGlobalSection
	GlobalSection(SolutionProperties) = preSolution
		HideSolutionNode = FALSE
	EndGlobalSection
	GlobalSection(ExtensibilityGlobals) = postSolution
		SolutionGuid = {0D4C11BF-D4A6-496D-9688-B85C1F84B6DB}
	EndGlobalSection
EndGlobal
